// !$*UTF8*$!
{
	archiveVersion = 1;
	classes = {
	};
	objectVersion = 46;
	objects = {

/* Begin PBXBuildFile section */
		05092FCB1E0008DF00E10F18 /* AudioHelper.swift in Sources */ = {isa = PBXBuildFile; fileRef = 05092FCA1E0008DF00E10F18 /* AudioHelper.swift */; };
		053348CA1DF1838D0072D1DD /* ScopesHelper.swift in Sources */ = {isa = PBXBuildFile; fileRef = 053348C91DF1838D0072D1DD /* ScopesHelper.swift */; };
		05375B4F1DD5F99500AF1C8B /* CoreDataHelper.swift in Sources */ = {isa = PBXBuildFile; fileRef = 05375B4E1DD5F99500AF1C8B /* CoreDataHelper.swift */; };
		05375B511DD5FBC700AF1C8B /* NetworkHelper.swift in Sources */ = {isa = PBXBuildFile; fileRef = 05375B501DD5FBC700AF1C8B /* NetworkHelper.swift */; };
		05375B531DD5FD3A00AF1C8B /* NotificationsHelper.swift in Sources */ = {isa = PBXBuildFile; fileRef = 05375B521DD5FD3A00AF1C8B /* NotificationsHelper.swift */; };
		05375B551DD5FD8B00AF1C8B /* Logger.swift in Sources */ = {isa = PBXBuildFile; fileRef = 05375B541DD5FD8B00AF1C8B /* Logger.swift */; };
		05375B571DD5FE4D00AF1C8B /* AppConstants.swift in Sources */ = {isa = PBXBuildFile; fileRef = 05375B561DD5FE4D00AF1C8B /* AppConstants.swift */; };
		056AC2531DD08E74006BA2A8 /* BeaconTester.xcdatamodeld in Sources */ = {isa = PBXBuildFile; fileRef = 056AC2511DD08E74006BA2A8 /* BeaconTester.xcdatamodeld */; };
		056AC2D71DD09527006BA2A8 /* AppUser+CoreDataClass.swift in Sources */ = {isa = PBXBuildFile; fileRef = 056AC2D31DD09527006BA2A8 /* AppUser+CoreDataClass.swift */; };
		056AC2D81DD09527006BA2A8 /* AppUser+CoreDataProperties.swift in Sources */ = {isa = PBXBuildFile; fileRef = 056AC2D41DD09527006BA2A8 /* AppUser+CoreDataProperties.swift */; };
		056AC2D91DD09527006BA2A8 /* Beacon+CoreDataClass.swift in Sources */ = {isa = PBXBuildFile; fileRef = 056AC2D51DD09527006BA2A8 /* Beacon+CoreDataClass.swift */; };
		056AC2DA1DD09527006BA2A8 /* Beacon+CoreDataProperties.swift in Sources */ = {isa = PBXBuildFile; fileRef = 056AC2D61DD09527006BA2A8 /* Beacon+CoreDataProperties.swift */; };
		059CAA7D1DB1218F00823EE8 /* AppDelegate.swift in Sources */ = {isa = PBXBuildFile; fileRef = 059CAA7C1DB1218F00823EE8 /* AppDelegate.swift */; };
		059CAA7F1DB1218F00823EE8 /* ViewController.swift in Sources */ = {isa = PBXBuildFile; fileRef = 059CAA7E1DB1218F00823EE8 /* ViewController.swift */; };
		059CAA821DB1218F00823EE8 /* Main.storyboard in Resources */ = {isa = PBXBuildFile; fileRef = 059CAA801DB1218F00823EE8 /* Main.storyboard */; };
		059CAA871DB1219000823EE8 /* Assets.xcassets in Resources */ = {isa = PBXBuildFile; fileRef = 059CAA861DB1219000823EE8 /* Assets.xcassets */; };
		059CAA8A1DB1219000823EE8 /* LaunchScreen.storyboard in Resources */ = {isa = PBXBuildFile; fileRef = 059CAA881DB1219000823EE8 /* LaunchScreen.storyboard */; };
		059D4B391DC244B3000E51A5 /* GoogleService-Info.plist in Resources */ = {isa = PBXBuildFile; fileRef = 059D4B381DC244B3000E51A5 /* GoogleService-Info.plist */; };
		4652E1D9A8F6E7D5BF106C8C /* Pods_BeaconTester.framework in Frameworks */ = {isa = PBXBuildFile; fileRef = F8D1268B0A3782029E0A6023 /* Pods_BeaconTester.framework */; };
/* End PBXBuildFile section */

/* Begin PBXFileReference section */
		05092FCA1E0008DF00E10F18 /* AudioHelper.swift */ = {isa = PBXFileReference; fileEncoding = 4; lastKnownFileType = sourcecode.swift; path = AudioHelper.swift; sourceTree = "<group>"; };
		053348C91DF1838D0072D1DD /* ScopesHelper.swift */ = {isa = PBXFileReference; fileEncoding = 4; lastKnownFileType = sourcecode.swift; name = ScopesHelper.swift; path = ../ScopesHelper.swift; sourceTree = "<group>"; };
		05375B4E1DD5F99500AF1C8B /* CoreDataHelper.swift */ = {isa = PBXFileReference; fileEncoding = 4; lastKnownFileType = sourcecode.swift; name = CoreDataHelper.swift; path = ../CoreDataHelper.swift; sourceTree = "<group>"; };
		05375B501DD5FBC700AF1C8B /* NetworkHelper.swift */ = {isa = PBXFileReference; fileEncoding = 4; lastKnownFileType = sourcecode.swift; name = NetworkHelper.swift; path = ../NetworkHelper.swift; sourceTree = "<group>"; };
		05375B521DD5FD3A00AF1C8B /* NotificationsHelper.swift */ = {isa = PBXFileReference; fileEncoding = 4; lastKnownFileType = sourcecode.swift; name = NotificationsHelper.swift; path = ../NotificationsHelper.swift; sourceTree = "<group>"; };
		05375B541DD5FD8B00AF1C8B /* Logger.swift */ = {isa = PBXFileReference; fileEncoding = 4; lastKnownFileType = sourcecode.swift; name = Logger.swift; path = ../Logger.swift; sourceTree = "<group>"; };
		05375B561DD5FE4D00AF1C8B /* AppConstants.swift */ = {isa = PBXFileReference; fileEncoding = 4; lastKnownFileType = sourcecode.swift; name = AppConstants.swift; path = ../AppConstants.swift; sourceTree = "<group>"; };
		0550B1B31DC22B1800D6FCB6 /* BeaconTester.entitlements */ = {isa = PBXFileReference; lastKnownFileType = text.plist.entitlements; path = BeaconTester.entitlements; sourceTree = "<group>"; };
		056AC2521DD08E74006BA2A8 /* BeaconTester.xcdatamodel */ = {isa = PBXFileReference; lastKnownFileType = wrapper.xcdatamodel; path = BeaconTester.xcdatamodel; sourceTree = "<group>"; };
		056AC2D31DD09527006BA2A8 /* AppUser+CoreDataClass.swift */ = {isa = PBXFileReference; fileEncoding = 4; lastKnownFileType = sourcecode.swift; path = "AppUser+CoreDataClass.swift"; sourceTree = "<group>"; };
		056AC2D41DD09527006BA2A8 /* AppUser+CoreDataProperties.swift */ = {isa = PBXFileReference; fileEncoding = 4; lastKnownFileType = sourcecode.swift; path = "AppUser+CoreDataProperties.swift"; sourceTree = "<group>"; };
		056AC2D51DD09527006BA2A8 /* Beacon+CoreDataClass.swift */ = {isa = PBXFileReference; fileEncoding = 4; lastKnownFileType = sourcecode.swift; path = "Beacon+CoreDataClass.swift"; sourceTree = "<group>"; };
		056AC2D61DD09527006BA2A8 /* Beacon+CoreDataProperties.swift */ = {isa = PBXFileReference; fileEncoding = 4; lastKnownFileType = sourcecode.swift; path = "Beacon+CoreDataProperties.swift"; sourceTree = "<group>"; };
		059CAA791DB1218F00823EE8 /* BeaconTester.app */ = {isa = PBXFileReference; explicitFileType = wrapper.application; includeInIndex = 0; path = BeaconTester.app; sourceTree = BUILT_PRODUCTS_DIR; };
		059CAA7C1DB1218F00823EE8 /* AppDelegate.swift */ = {isa = PBXFileReference; lastKnownFileType = sourcecode.swift; path = AppDelegate.swift; sourceTree = "<group>"; };
		059CAA7E1DB1218F00823EE8 /* ViewController.swift */ = {isa = PBXFileReference; lastKnownFileType = sourcecode.swift; path = ViewController.swift; sourceTree = "<group>"; };
		059CAA811DB1218F00823EE8 /* Base */ = {isa = PBXFileReference; lastKnownFileType = file.storyboard; name = Base; path = Base.lproj/Main.storyboard; sourceTree = "<group>"; };
		059CAA861DB1219000823EE8 /* Assets.xcassets */ = {isa = PBXFileReference; lastKnownFileType = folder.assetcatalog; path = Assets.xcassets; sourceTree = "<group>"; };
		059CAA891DB1219000823EE8 /* Base */ = {isa = PBXFileReference; lastKnownFileType = file.storyboard; name = Base; path = Base.lproj/LaunchScreen.storyboard; sourceTree = "<group>"; };
		059CAA8B1DB1219000823EE8 /* Info.plist */ = {isa = PBXFileReference; lastKnownFileType = text.plist.xml; path = Info.plist; sourceTree = "<group>"; };
		059D4B381DC244B3000E51A5 /* GoogleService-Info.plist */ = {isa = PBXFileReference; fileEncoding = 4; lastKnownFileType = text.plist.xml; path = "GoogleService-Info.plist"; sourceTree = "<group>"; };
		8BBAD8119B08083D1051A987 /* Pods-BeaconTester.release.xcconfig */ = {isa = PBXFileReference; includeInIndex = 1; lastKnownFileType = text.xcconfig; name = "Pods-BeaconTester.release.xcconfig"; path = "Pods/Target Support Files/Pods-BeaconTester/Pods-BeaconTester.release.xcconfig"; sourceTree = "<group>"; };
		959ACE094DA3187C33C7A89E /* Pods-BeaconTester.debug.xcconfig */ = {isa = PBXFileReference; includeInIndex = 1; lastKnownFileType = text.xcconfig; name = "Pods-BeaconTester.debug.xcconfig"; path = "Pods/Target Support Files/Pods-BeaconTester/Pods-BeaconTester.debug.xcconfig"; sourceTree = "<group>"; };
		F8D1268B0A3782029E0A6023 /* Pods_BeaconTester.framework */ = {isa = PBXFileReference; explicitFileType = wrapper.framework; includeInIndex = 0; path = Pods_BeaconTester.framework; sourceTree = BUILT_PRODUCTS_DIR; };
/* End PBXFileReference section */

/* Begin PBXFrameworksBuildPhase section */
		059CAA761DB1218F00823EE8 /* Frameworks */ = {
			isa = PBXFrameworksBuildPhase;
			buildActionMask = 2147483647;
			files = (
				4652E1D9A8F6E7D5BF106C8C /* Pods_BeaconTester.framework in Frameworks */,
			);
			runOnlyForDeploymentPostprocessing = 0;
		};
/* End PBXFrameworksBuildPhase section */

/* Begin PBXGroup section */
		051508281DB616E0007B5B0C /* Model */ = {
			isa = PBXGroup;
			children = (
				056AC2511DD08E74006BA2A8 /* BeaconTester.xcdatamodeld */,
				056AC2D31DD09527006BA2A8 /* AppUser+CoreDataClass.swift */,
				056AC2D41DD09527006BA2A8 /* AppUser+CoreDataProperties.swift */,
				056AC2D51DD09527006BA2A8 /* Beacon+CoreDataClass.swift */,
				056AC2D61DD09527006BA2A8 /* Beacon+CoreDataProperties.swift */,
			);
			name = Model;
			sourceTree = "<group>";
		};
		059CAA701DB1218F00823EE8 = {
			isa = PBXGroup;
			children = (
				059D4B381DC244B3000E51A5 /* GoogleService-Info.plist */,
				059CAA7B1DB1218F00823EE8 /* BeaconTester */,
				059CAA7A1DB1218F00823EE8 /* Products */,
				DD89B90E24259124E3B568CF /* Pods */,
				34508D2E4F50D0912EE93119 /* Frameworks */,
			);
			sourceTree = "<group>";
		};
		059CAA7A1DB1218F00823EE8 /* Products */ = {
			isa = PBXGroup;
			children = (
				059CAA791DB1218F00823EE8 /* BeaconTester.app */,
			);
			name = Products;
			sourceTree = "<group>";
		};
		059CAA7B1DB1218F00823EE8 /* BeaconTester */ = {
			isa = PBXGroup;
			children = (
				0550B1B31DC22B1800D6FCB6 /* BeaconTester.entitlements */,
				059CAA801DB1218F00823EE8 /* Main.storyboard */,
				059CAA7C1DB1218F00823EE8 /* AppDelegate.swift */,
				059CAA7E1DB1218F00823EE8 /* ViewController.swift */,
				059CAA861DB1219000823EE8 /* Assets.xcassets */,
				059CAA881DB1219000823EE8 /* LaunchScreen.storyboard */,
				059CAA8B1DB1219000823EE8 /* Info.plist */,
				05375B561DD5FE4D00AF1C8B /* AppConstants.swift */,
				05092FCA1E0008DF00E10F18 /* AudioHelper.swift */,
				05375B4E1DD5F99500AF1C8B /* CoreDataHelper.swift */,
				05375B501DD5FBC700AF1C8B /* NetworkHelper.swift */,
				05375B521DD5FD3A00AF1C8B /* NotificationsHelper.swift */,
				053348C91DF1838D0072D1DD /* ScopesHelper.swift */,
				05375B541DD5FD8B00AF1C8B /* Logger.swift */,
				051508281DB616E0007B5B0C /* Model */,
			);
			path = BeaconTester;
			sourceTree = "<group>";
		};
		34508D2E4F50D0912EE93119 /* Frameworks */ = {
			isa = PBXGroup;
			children = (
				F8D1268B0A3782029E0A6023 /* Pods_BeaconTester.framework */,
			);
			name = Frameworks;
			sourceTree = "<group>";
		};
		DD89B90E24259124E3B568CF /* Pods */ = {
			isa = PBXGroup;
			children = (
				959ACE094DA3187C33C7A89E /* Pods-BeaconTester.debug.xcconfig */,
				8BBAD8119B08083D1051A987 /* Pods-BeaconTester.release.xcconfig */,
			);
			name = Pods;
			sourceTree = "<group>";
		};
/* End PBXGroup section */

/* Begin PBXNativeTarget section */
		059CAA781DB1218F00823EE8 /* BeaconTester */ = {
			isa = PBXNativeTarget;
			buildConfigurationList = 059CAA8E1DB1219000823EE8 /* Build configuration list for PBXNativeTarget "BeaconTester" */;
			buildPhases = (
				9218A3670E5BD184CF04D5AE /* [CP] Check Pods Manifest.lock */,
				059CAA751DB1218F00823EE8 /* Sources */,
				059CAA761DB1218F00823EE8 /* Frameworks */,
				059CAA771DB1218F00823EE8 /* Resources */,
				E3930035BBEF1D28562258EC /* [CP] Embed Pods Frameworks */,
				AE927B22A1B0D36797F22302 /* [CP] Copy Pods Resources */,
			);
			buildRules = (
			);
			dependencies = (
			);
			name = BeaconTester;
			productName = BeaconTester;
			productReference = 059CAA791DB1218F00823EE8 /* BeaconTester.app */;
			productType = "com.apple.product-type.application";
		};
/* End PBXNativeTarget section */

/* Begin PBXProject section */
		059CAA711DB1218F00823EE8 /* Project object */ = {
			isa = PBXProject;
			attributes = {
				LastSwiftUpdateCheck = 0800;
				LastUpgradeCheck = 0820;
				ORGANIZATIONNAME = "Vanni Galli";
				TargetAttributes = {
					059CAA781DB1218F00823EE8 = {
						CreatedOnToolsVersion = 8.0;
						DevelopmentTeam = 365RTTM259;
						ProvisioningStyle = Automatic;
						SystemCapabilities = {
							com.apple.BackgroundModes = {
								enabled = 1;
							};
							com.apple.Push = {
								enabled = 1;
							};
						};
					};
				};
			};
			buildConfigurationList = 059CAA741DB1218F00823EE8 /* Build configuration list for PBXProject "BeaconTester" */;
			compatibilityVersion = "Xcode 3.2";
			developmentRegion = English;
			hasScannedForEncodings = 0;
			knownRegions = (
				en,
				Base,
			);
			mainGroup = 059CAA701DB1218F00823EE8;
			productRefGroup = 059CAA7A1DB1218F00823EE8 /* Products */;
			projectDirPath = "";
			projectRoot = "";
			targets = (
				059CAA781DB1218F00823EE8 /* BeaconTester */,
			);
		};
/* End PBXProject section */

/* Begin PBXResourcesBuildPhase section */
		059CAA771DB1218F00823EE8 /* Resources */ = {
			isa = PBXResourcesBuildPhase;
			buildActionMask = 2147483647;
			files = (
				059CAA8A1DB1219000823EE8 /* LaunchScreen.storyboard in Resources */,
				059D4B391DC244B3000E51A5 /* GoogleService-Info.plist in Resources */,
				059CAA871DB1219000823EE8 /* Assets.xcassets in Resources */,
				059CAA821DB1218F00823EE8 /* Main.storyboard in Resources */,
			);
			runOnlyForDeploymentPostprocessing = 0;
		};
/* End PBXResourcesBuildPhase section */

/* Begin PBXShellScriptBuildPhase section */
		9218A3670E5BD184CF04D5AE /* [CP] Check Pods Manifest.lock */ = {
			isa = PBXShellScriptBuildPhase;
			buildActionMask = 2147483647;
			files = (
			);
			inputPaths = (
			);
			name = "[CP] Check Pods Manifest.lock";
			outputPaths = (
			);
			runOnlyForDeploymentPostprocessing = 0;
			shellPath = /bin/sh;
			shellScript = "diff \"${PODS_ROOT}/../Podfile.lock\" \"${PODS_ROOT}/Manifest.lock\" > /dev/null\nif [ $? != 0 ] ; then\n    # print error to STDERR\n    echo \"error: The sandbox is not in sync with the Podfile.lock. Run 'pod install' or update your CocoaPods installation.\" >&2\n    exit 1\nfi\n";
			showEnvVarsInLog = 0;
		};
		AE927B22A1B0D36797F22302 /* [CP] Copy Pods Resources */ = {
			isa = PBXShellScriptBuildPhase;
			buildActionMask = 2147483647;
			files = (
			);
			inputPaths = (
			);
			name = "[CP] Copy Pods Resources";
			outputPaths = (
			);
			runOnlyForDeploymentPostprocessing = 0;
			shellPath = /bin/sh;
			shellScript = "\"${SRCROOT}/Pods/Target Support Files/Pods-BeaconTester/Pods-BeaconTester-resources.sh\"\n";
			showEnvVarsInLog = 0;
		};
		E3930035BBEF1D28562258EC /* [CP] Embed Pods Frameworks */ = {
			isa = PBXShellScriptBuildPhase;
			buildActionMask = 2147483647;
			files = (
			);
			inputPaths = (
			);
			name = "[CP] Embed Pods Frameworks";
			outputPaths = (
			);
			runOnlyForDeploymentPostprocessing = 0;
			shellPath = /bin/sh;
			shellScript = "\"${SRCROOT}/Pods/Target Support Files/Pods-BeaconTester/Pods-BeaconTester-frameworks.sh\"\n";
			showEnvVarsInLog = 0;
		};
/* End PBXShellScriptBuildPhase section */

/* Begin PBXSourcesBuildPhase section */
		059CAA751DB1218F00823EE8 /* Sources */ = {
			isa = PBXSourcesBuildPhase;
			buildActionMask = 2147483647;
			files = (
				056AC2DA1DD09527006BA2A8 /* Beacon+CoreDataProperties.swift in Sources */,
				059CAA7F1DB1218F00823EE8 /* ViewController.swift in Sources */,
				05375B511DD5FBC700AF1C8B /* NetworkHelper.swift in Sources */,
				056AC2531DD08E74006BA2A8 /* BeaconTester.xcdatamodeld in Sources */,
				056AC2D71DD09527006BA2A8 /* AppUser+CoreDataClass.swift in Sources */,
				053348CA1DF1838D0072D1DD /* ScopesHelper.swift in Sources */,
				059CAA7D1DB1218F00823EE8 /* AppDelegate.swift in Sources */,
				056AC2D81DD09527006BA2A8 /* AppUser+CoreDataProperties.swift in Sources */,
				05092FCB1E0008DF00E10F18 /* AudioHelper.swift in Sources */,
				05375B551DD5FD8B00AF1C8B /* Logger.swift in Sources */,
				05375B4F1DD5F99500AF1C8B /* CoreDataHelper.swift in Sources */,
				05375B571DD5FE4D00AF1C8B /* AppConstants.swift in Sources */,
				056AC2D91DD09527006BA2A8 /* Beacon+CoreDataClass.swift in Sources */,
				05375B531DD5FD3A00AF1C8B /* NotificationsHelper.swift in Sources */,
			);
			runOnlyForDeploymentPostprocessing = 0;
		};
/* End PBXSourcesBuildPhase section */

/* Begin PBXVariantGroup section */
		059CAA801DB1218F00823EE8 /* Main.storyboard */ = {
			isa = PBXVariantGroup;
			children = (
				059CAA811DB1218F00823EE8 /* Base */,
			);
			name = Main.storyboard;
			sourceTree = "<group>";
		};
		059CAA881DB1219000823EE8 /* LaunchScreen.storyboard */ = {
			isa = PBXVariantGroup;
			children = (
				059CAA891DB1219000823EE8 /* Base */,
			);
			name = LaunchScreen.storyboard;
			sourceTree = "<group>";
		};
/* End PBXVariantGroup section */

/* Begin XCBuildConfiguration section */
		059CAA8C1DB1219000823EE8 /* Debug */ = {
			isa = XCBuildConfiguration;
			buildSettings = {
				ALWAYS_SEARCH_USER_PATHS = NO;
				CLANG_ANALYZER_NONNULL = YES;
				CLANG_CXX_LANGUAGE_STANDARD = "gnu++0x";
				CLANG_CXX_LIBRARY = "libc++";
				CLANG_ENABLE_MODULES = YES;
				CLANG_ENABLE_OBJC_ARC = YES;
				CLANG_WARN_BOOL_CONVERSION = YES;
				CLANG_WARN_CONSTANT_CONVERSION = YES;
				CLANG_WARN_DIRECT_OBJC_ISA_USAGE = YES_ERROR;
				CLANG_WARN_DOCUMENTATION_COMMENTS = YES;
				CLANG_WARN_EMPTY_BODY = YES;
				CLANG_WARN_ENUM_CONVERSION = YES;
				CLANG_WARN_INFINITE_RECURSION = YES;
				CLANG_WARN_INT_CONVERSION = YES;
				CLANG_WARN_OBJC_ROOT_CLASS = YES_ERROR;
				CLANG_WARN_SUSPICIOUS_MOVE = YES;
				CLANG_WARN_SUSPICIOUS_MOVES = YES;
				CLANG_WARN_UNREACHABLE_CODE = YES;
				CLANG_WARN__DUPLICATE_METHOD_MATCH = YES;
				"CODE_SIGN_IDENTITY[sdk=iphoneos*]" = "iPhone Developer";
				COPY_PHASE_STRIP = NO;
				DEBUG_INFORMATION_FORMAT = dwarf;
				ENABLE_STRICT_OBJC_MSGSEND = YES;
				ENABLE_TESTABILITY = YES;
				GCC_C_LANGUAGE_STANDARD = gnu99;
				GCC_DYNAMIC_NO_PIC = NO;
				GCC_NO_COMMON_BLOCKS = YES;
				GCC_OPTIMIZATION_LEVEL = 0;
				GCC_PREPROCESSOR_DEFINITIONS = (
					"DEBUG=1",
					"$(inherited)",
				);
				GCC_WARN_64_TO_32_BIT_CONVERSION = YES;
				GCC_WARN_ABOUT_RETURN_TYPE = YES_ERROR;
				GCC_WARN_UNDECLARED_SELECTOR = YES;
				GCC_WARN_UNINITIALIZED_AUTOS = YES_AGGRESSIVE;
				GCC_WARN_UNUSED_FUNCTION = YES;
				GCC_WARN_UNUSED_VARIABLE = YES;
				IPHONEOS_DEPLOYMENT_TARGET = 10.0;
				MTL_ENABLE_DEBUG_INFO = YES;
				ONLY_ACTIVE_ARCH = YES;
				SDKROOT = iphoneos;
				SWIFT_ACTIVE_COMPILATION_CONDITIONS = DEBUG;
				SWIFT_OPTIMIZATION_LEVEL = "-Onone";
			};
			name = Debug;
		};
		059CAA8D1DB1219000823EE8 /* Release */ = {
			isa = XCBuildConfiguration;
			buildSettings = {
				ALWAYS_SEARCH_USER_PATHS = NO;
				CLANG_ANALYZER_NONNULL = YES;
				CLANG_CXX_LANGUAGE_STANDARD = "gnu++0x";
				CLANG_CXX_LIBRARY = "libc++";
				CLANG_ENABLE_MODULES = YES;
				CLANG_ENABLE_OBJC_ARC = YES;
				CLANG_WARN_BOOL_CONVERSION = YES;
				CLANG_WARN_CONSTANT_CONVERSION = YES;
				CLANG_WARN_DIRECT_OBJC_ISA_USAGE = YES_ERROR;
				CLANG_WARN_DOCUMENTATION_COMMENTS = YES;
				CLANG_WARN_EMPTY_BODY = YES;
				CLANG_WARN_ENUM_CONVERSION = YES;
				CLANG_WARN_INFINITE_RECURSION = YES;
				CLANG_WARN_INT_CONVERSION = YES;
				CLANG_WARN_OBJC_ROOT_CLASS = YES_ERROR;
				CLANG_WARN_SUSPICIOUS_MOVE = YES;
				CLANG_WARN_SUSPICIOUS_MOVES = YES;
				CLANG_WARN_UNREACHABLE_CODE = YES;
				CLANG_WARN__DUPLICATE_METHOD_MATCH = YES;
				"CODE_SIGN_IDENTITY[sdk=iphoneos*]" = "iPhone Developer";
				COPY_PHASE_STRIP = NO;
				DEBUG_INFORMATION_FORMAT = "dwarf-with-dsym";
				ENABLE_NS_ASSERTIONS = NO;
				ENABLE_STRICT_OBJC_MSGSEND = YES;
				GCC_C_LANGUAGE_STANDARD = gnu99;
				GCC_NO_COMMON_BLOCKS = YES;
				GCC_WARN_64_TO_32_BIT_CONVERSION = YES;
				GCC_WARN_ABOUT_RETURN_TYPE = YES_ERROR;
				GCC_WARN_UNDECLARED_SELECTOR = YES;
				GCC_WARN_UNINITIALIZED_AUTOS = YES_AGGRESSIVE;
				GCC_WARN_UNUSED_FUNCTION = YES;
				GCC_WARN_UNUSED_VARIABLE = YES;
				IPHONEOS_DEPLOYMENT_TARGET = 10.0;
				MTL_ENABLE_DEBUG_INFO = NO;
				SDKROOT = iphoneos;
				SWIFT_OPTIMIZATION_LEVEL = "-Owholemodule";
				VALIDATE_PRODUCT = YES;
			};
			name = Release;
		};
		059CAA8F1DB1219000823EE8 /* Debug */ = {
			isa = XCBuildConfiguration;
			baseConfigurationReference = 959ACE094DA3187C33C7A89E /* Pods-BeaconTester.debug.xcconfig */;
			buildSettings = {
				ALWAYS_EMBED_SWIFT_STANDARD_LIBRARIES = YES;
				ASSETCATALOG_COMPILER_APPICON_NAME = AppIcon;
				CODE_SIGN_ENTITLEMENTS = BeaconTester/BeaconTester.entitlements;
				DEVELOPMENT_TEAM = 365RTTM259;
				INFOPLIST_FILE = BeaconTester/Info.plist;
				LD_RUNPATH_SEARCH_PATHS = "$(inherited) @executable_path/Frameworks";
				PRODUCT_BUNDLE_IDENTIFIER = ch.stouch.lac;
				PRODUCT_NAME = "$(TARGET_NAME)";
				SWIFT_VERSION = 3.0;
			};
			name = Debug;
		};
		059CAA901DB1219000823EE8 /* Release */ = {
			isa = XCBuildConfiguration;
			baseConfigurationReference = 8BBAD8119B08083D1051A987 /* Pods-BeaconTester.release.xcconfig */;
			buildSettings = {
				ALWAYS_EMBED_SWIFT_STANDARD_LIBRARIES = YES;
				ASSETCATALOG_COMPILER_APPICON_NAME = AppIcon;
				CODE_SIGN_ENTITLEMENTS = BeaconTester/BeaconTester.entitlements;
				DEVELOPMENT_TEAM = 365RTTM259;
				INFOPLIST_FILE = BeaconTester/Info.plist;
				LD_RUNPATH_SEARCH_PATHS = "$(inherited) @executable_path/Frameworks";
				PRODUCT_BUNDLE_IDENTIFIER = ch.stouch.lac;
				PRODUCT_NAME = "$(TARGET_NAME)";
				SWIFT_VERSION = 3.0;
			};
			name = Release;
		};
/* End XCBuildConfiguration section */

/* Begin XCConfigurationList section */
		059CAA741DB1218F00823EE8 /* Build configuration list for PBXProject "BeaconTester" */ = {
			isa = XCConfigurationList;
			buildConfigurations = (
				059CAA8C1DB1219000823EE8 /* Debug */,
				059CAA8D1DB1219000823EE8 /* Release */,
			);
			defaultConfigurationIsVisible = 0;
			defaultConfigurationName = Release;
		};
		059CAA8E1DB1219000823EE8 /* Build configuration list for PBXNativeTarget "BeaconTester" */ = {
			isa = XCConfigurationList;
			buildConfigurations = (
				059CAA8F1DB1219000823EE8 /* Debug */,
				059CAA901DB1219000823EE8 /* Release */,
			);
			defaultConfigurationIsVisible = 0;
			defaultConfigurationName = Release;
		};
/* End XCConfigurationList section */

/* Begin XCVersionGroup section */
		056AC2511DD08E74006BA2A8 /* BeaconTester.xcdatamodeld */ = {
			isa = XCVersionGroup;
			children = (
				056AC2521DD08E74006BA2A8 /* BeaconTester.xcdatamodel */,
			);
			currentVersion = 056AC2521DD08E74006BA2A8 /* BeaconTester.xcdatamodel */;
			path = BeaconTester.xcdatamodeld;
			sourceTree = "<group>";
			versionGroupType = wrapper.xcdatamodel;
		};
/* End XCVersionGroup section */
	};
	rootObject = 059CAA711DB1218F00823EE8 /* Project object */;
}
