// !$*UTF8*$!
{
	archiveVersion = 1;
	classes = {
	};
	objectVersion = 46;
	objects = {

/* Begin PBXBuildFile section */
		5C8B20A2226FA20100551469 /* AppVariables.swift in Sources */ = {isa = PBXBuildFile; fileRef = 5C8B20A1226FA20100551469 /* AppVariables.swift */; };
		5CA611152247B46F00D55FAA /* Coordinate.swift in Sources */ = {isa = PBXBuildFile; fileRef = 5CA611142247B46F00D55FAA /* Coordinate.swift */; };
		5CB61570227897770035C6F3 /* GoogleService-Info.plist in Resources */ = {isa = PBXBuildFile; fileRef = 5CB6156F227897770035C6F3 /* GoogleService-Info.plist */; };
		5CC3FA50223E9AF5001ACF74 /* clickFinder.xcdatamodeld in Sources */ = {isa = PBXBuildFile; fileRef = 5CC3FA4E223E9AF5001ACF74 /* clickFinder.xcdatamodeld */; };
		5CCD5D60224FB88C00D844D2 /* MainViewController.swift in Sources */ = {isa = PBXBuildFile; fileRef = 5CCD5D5F224FB88C00D844D2 /* MainViewController.swift */; };
		5CF5E7812231B63E005590D7 /* NotificationPublisher.swift in Sources */ = {isa = PBXBuildFile; fileRef = 5CF5E7802231B63E005590D7 /* NotificationPublisher.swift */; };
		5CF88E162235B8A500572BD4 /* AppConstants.swift in Sources */ = {isa = PBXBuildFile; fileRef = 5CF88E152235B8A500572BD4 /* AppConstants.swift */; };
		B77203F5853D9444254509DB /* Pods_clickFinder.framework in Frameworks */ = {isa = PBXBuildFile; fileRef = 91DC680B328DB50A93A20D46 /* Pods_clickFinder.framework */; };
		C00360541E39747F00234FCD /* LaunchScreen.storyboard in Resources */ = {isa = PBXBuildFile; fileRef = C00360531E39747F00234FCD /* LaunchScreen.storyboard */; };
		C00360911E3EA86500234FCD /* Icons.swift in Sources */ = {isa = PBXBuildFile; fileRef = C003608A1E3EA86500234FCD /* Icons.swift */; };
		C00360921E3EA86500234FCD /* Item.swift in Sources */ = {isa = PBXBuildFile; fileRef = C003608B1E3EA86500234FCD /* Item.swift */; };
		C00360931E3EA86500234FCD /* ItemCell.swift in Sources */ = {isa = PBXBuildFile; fileRef = C003608D1E3EA86500234FCD /* ItemCell.swift */; };
		C00360941E3EA86500234FCD /* AddItemViewController.swift in Sources */ = {isa = PBXBuildFile; fileRef = C003608F1E3EA86500234FCD /* AddItemViewController.swift */; };
		C00360951E3EA86500234FCD /* ItemsViewController.swift in Sources */ = {isa = PBXBuildFile; fileRef = C00360901E3EA86500234FCD /* ItemsViewController.swift */; };
		C00360971E3EA88F00234FCD /* IconCell.swift in Sources */ = {isa = PBXBuildFile; fileRef = C00360961E3EA88F00234FCD /* IconCell.swift */; };
		CD2A72CA223C08B8009EF5EB /* FormButton.swift in Sources */ = {isa = PBXBuildFile; fileRef = CD2A72C9223C08B8009EF5EB /* FormButton.swift */; };
		CD2A72CC223C08C8009EF5EB /* User.swift in Sources */ = {isa = PBXBuildFile; fileRef = CD2A72CB223C08C8009EF5EB /* User.swift */; };
		CD2A72CE223C08E2009EF5EB /* AuthTextField.swift in Sources */ = {isa = PBXBuildFile; fileRef = CD2A72CD223C08E2009EF5EB /* AuthTextField.swift */; };
		CD2A72D0223C0900009EF5EB /* UserViewController.swift in Sources */ = {isa = PBXBuildFile; fileRef = CD2A72CF223C08FF009EF5EB /* UserViewController.swift */; };
		CDE8C69722734D4400F802AB /* NotificationViewController.swift in Sources */ = {isa = PBXBuildFile; fileRef = CDE8C69622734D4400F802AB /* NotificationViewController.swift */; };
		FB9CC95C1AD701910038DF33 /* AppDelegate.swift in Sources */ = {isa = PBXBuildFile; fileRef = FB9CC95B1AD701910038DF33 /* AppDelegate.swift */; };
		FB9CC9631AD701910038DF33 /* Images.xcassets in Resources */ = {isa = PBXBuildFile; fileRef = FB9CC9621AD701910038DF33 /* Images.xcassets */; };
		FB9CC98A1AD702CC0038DF33 /* Main.storyboard in Resources */ = {isa = PBXBuildFile; fileRef = FB9CC9891AD702CC0038DF33 /* Main.storyboard */; };
/* End PBXBuildFile section */

/* Begin PBXFileReference section */
		5C8B20A1226FA20100551469 /* AppVariables.swift */ = {isa = PBXFileReference; lastKnownFileType = sourcecode.swift; path = AppVariables.swift; sourceTree = "<group>"; };
		5CA611142247B46F00D55FAA /* Coordinate.swift */ = {isa = PBXFileReference; lastKnownFileType = sourcecode.swift; path = Coordinate.swift; sourceTree = "<group>"; };
		5CB6156F227897770035C6F3 /* GoogleService-Info.plist */ = {isa = PBXFileReference; fileEncoding = 4; lastKnownFileType = text.plist.xml; name = "GoogleService-Info.plist"; path = "../../../../../../../../../Desktop/GoogleService-Info.plist"; sourceTree = "<group>"; };
		5CC3FA4F223E9AF5001ACF74 /* clickFinder.xcdatamodel */ = {isa = PBXFileReference; lastKnownFileType = wrapper.xcdatamodel; path = clickFinder.xcdatamodel; sourceTree = "<group>"; };
		5CCD5D5F224FB88C00D844D2 /* MainViewController.swift */ = {isa = PBXFileReference; lastKnownFileType = sourcecode.swift; path = MainViewController.swift; sourceTree = "<group>"; };
		5CF5E7802231B63E005590D7 /* NotificationPublisher.swift */ = {isa = PBXFileReference; lastKnownFileType = sourcecode.swift; path = NotificationPublisher.swift; sourceTree = "<group>"; };
		5CF88E152235B8A500572BD4 /* AppConstants.swift */ = {isa = PBXFileReference; lastKnownFileType = sourcecode.swift; path = AppConstants.swift; sourceTree = "<group>"; };
		91DC680B328DB50A93A20D46 /* Pods_clickFinder.framework */ = {isa = PBXFileReference; explicitFileType = wrapper.framework; includeInIndex = 0; path = Pods_clickFinder.framework; sourceTree = BUILT_PRODUCTS_DIR; };
		C00360531E39747F00234FCD /* LaunchScreen.storyboard */ = {isa = PBXFileReference; fileEncoding = 4; lastKnownFileType = file.storyboard; name = LaunchScreen.storyboard; path = Base.lproj/LaunchScreen.storyboard; sourceTree = "<group>"; };
		C003608A1E3EA86500234FCD /* Icons.swift */ = {isa = PBXFileReference; fileEncoding = 4; lastKnownFileType = sourcecode.swift; path = Icons.swift; sourceTree = "<group>"; };
		C003608B1E3EA86500234FCD /* Item.swift */ = {isa = PBXFileReference; fileEncoding = 4; lastKnownFileType = sourcecode.swift; path = Item.swift; sourceTree = "<group>"; };
		C003608D1E3EA86500234FCD /* ItemCell.swift */ = {isa = PBXFileReference; fileEncoding = 4; lastKnownFileType = sourcecode.swift; path = ItemCell.swift; sourceTree = "<group>"; };
		C003608F1E3EA86500234FCD /* AddItemViewController.swift */ = {isa = PBXFileReference; fileEncoding = 4; lastKnownFileType = sourcecode.swift; path = AddItemViewController.swift; sourceTree = "<group>"; };
		C00360901E3EA86500234FCD /* ItemsViewController.swift */ = {isa = PBXFileReference; fileEncoding = 4; lastKnownFileType = sourcecode.swift; path = ItemsViewController.swift; sourceTree = "<group>"; };
		C00360961E3EA88F00234FCD /* IconCell.swift */ = {isa = PBXFileReference; fileEncoding = 4; lastKnownFileType = sourcecode.swift; path = IconCell.swift; sourceTree = "<group>"; };
		CD2A72C9223C08B8009EF5EB /* FormButton.swift */ = {isa = PBXFileReference; fileEncoding = 4; lastKnownFileType = sourcecode.swift; name = FormButton.swift; path = ClickFinder/FormButton.swift; sourceTree = SOURCE_ROOT; };
		CD2A72CB223C08C8009EF5EB /* User.swift */ = {isa = PBXFileReference; fileEncoding = 4; lastKnownFileType = sourcecode.swift; path = User.swift; sourceTree = "<group>"; };
		CD2A72CD223C08E2009EF5EB /* AuthTextField.swift */ = {isa = PBXFileReference; fileEncoding = 4; lastKnownFileType = sourcecode.swift; name = AuthTextField.swift; path = ClickFinder/AuthTextField.swift; sourceTree = SOURCE_ROOT; };
		CD2A72CF223C08FF009EF5EB /* UserViewController.swift */ = {isa = PBXFileReference; fileEncoding = 4; lastKnownFileType = sourcecode.swift; path = UserViewController.swift; sourceTree = "<group>"; };
		CD2A9F54224263840091C5B7 /* clickFinder.entitlements */ = {isa = PBXFileReference; lastKnownFileType = text.plist.entitlements; path = clickFinder.entitlements; sourceTree = "<group>"; };
		CDE8C69622734D4400F802AB /* NotificationViewController.swift */ = {isa = PBXFileReference; lastKnownFileType = sourcecode.swift; path = NotificationViewController.swift; sourceTree = "<group>"; };
		D625BEF4EB907F42A93F4A2C /* Pods-clickFinder.release.xcconfig */ = {isa = PBXFileReference; includeInIndex = 1; lastKnownFileType = text.xcconfig; name = "Pods-clickFinder.release.xcconfig"; path = "Target Support Files/Pods-clickFinder/Pods-clickFinder.release.xcconfig"; sourceTree = "<group>"; };
		F910B8F5B77C365574ED8785 /* Pods-clickFinder.debug.xcconfig */ = {isa = PBXFileReference; includeInIndex = 1; lastKnownFileType = text.xcconfig; name = "Pods-clickFinder.debug.xcconfig"; path = "Target Support Files/Pods-clickFinder/Pods-clickFinder.debug.xcconfig"; sourceTree = "<group>"; };
		FB9CC9561AD701910038DF33 /* clickFinder.app */ = {isa = PBXFileReference; explicitFileType = wrapper.application; includeInIndex = 0; path = clickFinder.app; sourceTree = BUILT_PRODUCTS_DIR; };
		FB9CC95A1AD701910038DF33 /* Info.plist */ = {isa = PBXFileReference; lastKnownFileType = text.plist.xml; path = Info.plist; sourceTree = "<group>"; };
		FB9CC95B1AD701910038DF33 /* AppDelegate.swift */ = {isa = PBXFileReference; lastKnownFileType = sourcecode.swift; path = AppDelegate.swift; sourceTree = "<group>"; };
		FB9CC9621AD701910038DF33 /* Images.xcassets */ = {isa = PBXFileReference; lastKnownFileType = folder.assetcatalog; path = Images.xcassets; sourceTree = "<group>"; };
		FB9CC97B1AD701CF0038DF33 /* CoreGraphics.framework */ = {isa = PBXFileReference; lastKnownFileType = wrapper.framework; name = CoreGraphics.framework; path = System/Library/Frameworks/CoreGraphics.framework; sourceTree = SDKROOT; };
		FB9CC97D1AD701DA0038DF33 /* UIKit.framework */ = {isa = PBXFileReference; lastKnownFileType = wrapper.framework; name = UIKit.framework; path = System/Library/Frameworks/UIKit.framework; sourceTree = SDKROOT; };
		FB9CC97F1AD701E60038DF33 /* Foundation.framework */ = {isa = PBXFileReference; lastKnownFileType = wrapper.framework; name = Foundation.framework; path = System/Library/Frameworks/Foundation.framework; sourceTree = SDKROOT; };
		FB9CC9891AD702CC0038DF33 /* Main.storyboard */ = {isa = PBXFileReference; fileEncoding = 4; lastKnownFileType = file.storyboard; path = Main.storyboard; sourceTree = "<group>"; };
/* End PBXFileReference section */

/* Begin PBXFrameworksBuildPhase section */
		FB9CC9531AD701910038DF33 /* Frameworks */ = {
			isa = PBXFrameworksBuildPhase;
			buildActionMask = 2147483647;
			files = (
				B77203F5853D9444254509DB /* Pods_clickFinder.framework in Frameworks */,
			);
			runOnlyForDeploymentPostprocessing = 0;
		};
/* End PBXFrameworksBuildPhase section */

/* Begin PBXGroup section */
		5CC3FA4D223E9ADE001ACF74 /* Model */ = {
			isa = PBXGroup;
			children = (
				5CC3FA4E223E9AF5001ACF74 /* clickFinder.xcdatamodeld */,
			);
			path = Model;
			sourceTree = "<group>";
		};
		64F76E9655735D2039DB651E /* Pods */ = {
			isa = PBXGroup;
			children = (
				F910B8F5B77C365574ED8785 /* Pods-clickFinder.debug.xcconfig */,
				D625BEF4EB907F42A93F4A2C /* Pods-clickFinder.release.xcconfig */,
			);
			path = Pods;
			sourceTree = "<group>";
		};
		C00360521E3973ED00234FCD /* Frameworks */ = {
			isa = PBXGroup;
			children = (
				FB9CC97F1AD701E60038DF33 /* Foundation.framework */,
				FB9CC97D1AD701DA0038DF33 /* UIKit.framework */,
				FB9CC97B1AD701CF0038DF33 /* CoreGraphics.framework */,
				91DC680B328DB50A93A20D46 /* Pods_clickFinder.framework */,
			);
			name = Frameworks;
			sourceTree = "<group>";
		};
		C00360891E3EA86500234FCD /* Classes */ = {
			isa = PBXGroup;
			children = (
				C003608A1E3EA86500234FCD /* Icons.swift */,
				CD2A72CB223C08C8009EF5EB /* User.swift */,
				C003608B1E3EA86500234FCD /* Item.swift */,
				5CA611142247B46F00D55FAA /* Coordinate.swift */,
			);
			path = Classes;
			sourceTree = "<group>";
		};
		C003608C1E3EA86500234FCD /* Custom Cells */ = {
			isa = PBXGroup;
			children = (
				CD2A72CD223C08E2009EF5EB /* AuthTextField.swift */,
				CD2A72C9223C08B8009EF5EB /* FormButton.swift */,
				C003608D1E3EA86500234FCD /* ItemCell.swift */,
				C00360961E3EA88F00234FCD /* IconCell.swift */,
			);
			path = "Custom Cells";
			sourceTree = "<group>";
		};
		C003608E1E3EA86500234FCD /* ViewControllers */ = {
			isa = PBXGroup;
			children = (
				CD2A72CF223C08FF009EF5EB /* UserViewController.swift */,
				C003608F1E3EA86500234FCD /* AddItemViewController.swift */,
				C00360901E3EA86500234FCD /* ItemsViewController.swift */,
				5CCD5D5F224FB88C00D844D2 /* MainViewController.swift */,
				CDE8C69622734D4400F802AB /* NotificationViewController.swift */,
			);
			path = ViewControllers;
			sourceTree = "<group>";
		};
		CD2A72C5223C0434009EF5EB /* Constants */ = {
			isa = PBXGroup;
			children = (
				5CF88E152235B8A500572BD4 /* AppConstants.swift */,
				5C8B20A1226FA20100551469 /* AppVariables.swift */,
			);
			path = Constants;
			sourceTree = "<group>";
		};
		FB9CC94D1AD701910038DF33 = {
			isa = PBXGroup;
			children = (
				CD2A9F54224263840091C5B7 /* clickFinder.entitlements */,
				5CC3FA4D223E9ADE001ACF74 /* Model */,
				FB9CC9581AD701910038DF33 /* ClickFinder */,
				FB9CC9571AD701910038DF33 /* Products */,
				C00360521E3973ED00234FCD /* Frameworks */,
				64F76E9655735D2039DB651E /* Pods */,
			);
			sourceTree = "<group>";
		};
		FB9CC9571AD701910038DF33 /* Products */ = {
			isa = PBXGroup;
			children = (
				FB9CC9561AD701910038DF33 /* clickFinder.app */,
			);
			name = Products;
			sourceTree = "<group>";
		};
		FB9CC9581AD701910038DF33 /* ClickFinder */ = {
			isa = PBXGroup;
			children = (
				CD2A72C5223C0434009EF5EB /* Constants */,
				C00360891E3EA86500234FCD /* Classes */,
				C003608C1E3EA86500234FCD /* Custom Cells */,
				C003608E1E3EA86500234FCD /* ViewControllers */,
				FB9CC95B1AD701910038DF33 /* AppDelegate.swift */,
				FB9CC9621AD701910038DF33 /* Images.xcassets */,
				FB9CC9891AD702CC0038DF33 /* Main.storyboard */,
				C00360531E39747F00234FCD /* LaunchScreen.storyboard */,
				FB9CC9591AD701910038DF33 /* Supporting Files */,
				5CF5E7802231B63E005590D7 /* NotificationPublisher.swift */,
			);
			path = ClickFinder;
			sourceTree = "<group>";
		};
		FB9CC9591AD701910038DF33 /* Supporting Files */ = {
			isa = PBXGroup;
			children = (
				5CB6156F227897770035C6F3 /* GoogleService-Info.plist */,
				FB9CC95A1AD701910038DF33 /* Info.plist */,
			);
			name = "Supporting Files";
			sourceTree = "<group>";
		};
/* End PBXGroup section */

/* Begin PBXNativeTarget section */
		FB9CC9551AD701910038DF33 /* clickFinder */ = {
			isa = PBXNativeTarget;
			buildConfigurationList = FB9CC9751AD701910038DF33 /* Build configuration list for PBXNativeTarget "clickFinder" */;
			buildPhases = (
				70B3F6024277173CE4737DD8 /* [CP] Check Pods Manifest.lock */,
				FB9CC9521AD701910038DF33 /* Sources */,
				FB9CC9531AD701910038DF33 /* Frameworks */,
				FB9CC9541AD701910038DF33 /* Resources */,
				F224D4D2E3AF3E6B6C1E18F6 /* [CP] Embed Pods Frameworks */,
			);
			buildRules = (
			);
			dependencies = (
			);
			name = clickFinder;
			productName = ClickFinder;
			productReference = FB9CC9561AD701910038DF33 /* clickFinder.app */;
			productType = "com.apple.product-type.application";
		};
/* End PBXNativeTarget section */

/* Begin PBXProject section */
		FB9CC94E1AD701910038DF33 /* Project object */ = {
			isa = PBXProject;
			attributes = {
				LastUpgradeCheck = 1010;
				ORGANIZATIONNAME = "Ray Wenderlich";
				TargetAttributes = {
					FB9CC9551AD701910038DF33 = {
						CreatedOnToolsVersion = 6.2;
						DevelopmentTeam = 365RTTM259;
						LastSwiftMigration = 1010;
						ProvisioningStyle = Automatic;
						SystemCapabilities = {
							com.apple.BackgroundModes = {
								enabled = 1;
							};
							com.apple.Push = {
								enabled = 1;
							};
						};
					};
				};
			};
			buildConfigurationList = FB9CC9511AD701910038DF33 /* Build configuration list for PBXProject "clickFinder" */;
			compatibilityVersion = "Xcode 3.2";
			developmentRegion = English;
			hasScannedForEncodings = 0;
			knownRegions = (
				English,
				en,
				Base,
			);
			mainGroup = FB9CC94D1AD701910038DF33;
			productRefGroup = FB9CC9571AD701910038DF33 /* Products */;
			projectDirPath = "";
			projectRoot = "";
			targets = (
				FB9CC9551AD701910038DF33 /* clickFinder */,
			);
		};
/* End PBXProject section */

/* Begin PBXResourcesBuildPhase section */
		FB9CC9541AD701910038DF33 /* Resources */ = {
			isa = PBXResourcesBuildPhase;
			buildActionMask = 2147483647;
			files = (
				C00360541E39747F00234FCD /* LaunchScreen.storyboard in Resources */,
				5CB61570227897770035C6F3 /* GoogleService-Info.plist in Resources */,
				FB9CC98A1AD702CC0038DF33 /* Main.storyboard in Resources */,
				FB9CC9631AD701910038DF33 /* Images.xcassets in Resources */,
			);
			runOnlyForDeploymentPostprocessing = 0;
		};
/* End PBXResourcesBuildPhase section */

/* Begin PBXShellScriptBuildPhase section */
		70B3F6024277173CE4737DD8 /* [CP] Check Pods Manifest.lock */ = {
			isa = PBXShellScriptBuildPhase;
			buildActionMask = 2147483647;
			files = (
			);
			inputFileListPaths = (
			);
			inputPaths = (
				"${PODS_PODFILE_DIR_PATH}/Podfile.lock",
				"${PODS_ROOT}/Manifest.lock",
			);
			name = "[CP] Check Pods Manifest.lock";
			outputFileListPaths = (
			);
			outputPaths = (
				"$(DERIVED_FILE_DIR)/Pods-clickFinder-checkManifestLockResult.txt",
			);
			runOnlyForDeploymentPostprocessing = 0;
			shellPath = /bin/sh;
			shellScript = "diff \"${PODS_PODFILE_DIR_PATH}/Podfile.lock\" \"${PODS_ROOT}/Manifest.lock\" > /dev/null\nif [ $? != 0 ] ; then\n    # print error to STDERR\n    echo \"error: The sandbox is not in sync with the Podfile.lock. Run 'pod install' or update your CocoaPods installation.\" >&2\n    exit 1\nfi\n# This output is used by Xcode 'outputs' to avoid re-running this script phase.\necho \"SUCCESS\" > \"${SCRIPT_OUTPUT_FILE_0}\"\n";
			showEnvVarsInLog = 0;
		};
		F224D4D2E3AF3E6B6C1E18F6 /* [CP] Embed Pods Frameworks */ = {
			isa = PBXShellScriptBuildPhase;
			buildActionMask = 2147483647;
			files = (
			);
			inputPaths = (
				"${PODS_ROOT}/Target Support Files/Pods-clickFinder/Pods-clickFinder-frameworks.sh",
				"${BUILT_PRODUCTS_DIR}/Alamofire/Alamofire.framework",
				"${BUILT_PRODUCTS_DIR}/GTMSessionFetcher/GTMSessionFetcher.framework",
				"${BUILT_PRODUCTS_DIR}/GoogleUtilities/GoogleUtilities.framework",
				"${BUILT_PRODUCTS_DIR}/Protobuf/Protobuf.framework",
				"${BUILT_PRODUCTS_DIR}/leveldb-library/leveldb.framework",
				"${BUILT_PRODUCTS_DIR}/nanopb/nanopb.framework",
			);
			name = "[CP] Embed Pods Frameworks";
			outputPaths = (
				"${TARGET_BUILD_DIR}/${FRAMEWORKS_FOLDER_PATH}/Alamofire.framework",
				"${TARGET_BUILD_DIR}/${FRAMEWORKS_FOLDER_PATH}/GTMSessionFetcher.framework",
				"${TARGET_BUILD_DIR}/${FRAMEWORKS_FOLDER_PATH}/GoogleUtilities.framework",
				"${TARGET_BUILD_DIR}/${FRAMEWORKS_FOLDER_PATH}/Protobuf.framework",
				"${TARGET_BUILD_DIR}/${FRAMEWORKS_FOLDER_PATH}/leveldb.framework",
				"${TARGET_BUILD_DIR}/${FRAMEWORKS_FOLDER_PATH}/nanopb.framework",
			);
			runOnlyForDeploymentPostprocessing = 0;
			shellPath = /bin/sh;
			shellScript = "\"${PODS_ROOT}/Target Support Files/Pods-clickFinder/Pods-clickFinder-frameworks.sh\"\n";
			showEnvVarsInLog = 0;
		};
/* End PBXShellScriptBuildPhase section */

/* Begin PBXSourcesBuildPhase section */
		FB9CC9521AD701910038DF33 /* Sources */ = {
			isa = PBXSourcesBuildPhase;
			buildActionMask = 2147483647;
			files = (
				C00360941E3EA86500234FCD /* AddItemViewController.swift in Sources */,
				C00360971E3EA88F00234FCD /* IconCell.swift in Sources */,
				5CF5E7812231B63E005590D7 /* NotificationPublisher.swift in Sources */,
				C00360951E3EA86500234FCD /* ItemsViewController.swift in Sources */,
				CD2A72CA223C08B8009EF5EB /* FormButton.swift in Sources */,
				5C8B20A2226FA20100551469 /* AppVariables.swift in Sources */,
				C00360931E3EA86500234FCD /* ItemCell.swift in Sources */,
				5CCD5D60224FB88C00D844D2 /* MainViewController.swift in Sources */,
				C00360911E3EA86500234FCD /* Icons.swift in Sources */,
				CD2A72CE223C08E2009EF5EB /* AuthTextField.swift in Sources */,
				CD2A72CC223C08C8009EF5EB /* User.swift in Sources */,
				CD2A72D0223C0900009EF5EB /* UserViewController.swift in Sources */,
				C00360921E3EA86500234FCD /* Item.swift in Sources */,
				FB9CC95C1AD701910038DF33 /* AppDelegate.swift in Sources */,
				CDE8C69722734D4400F802AB /* NotificationViewController.swift in Sources */,
				5CC3FA50223E9AF5001ACF74 /* clickFinder.xcdatamodeld in Sources */,
				5CA611152247B46F00D55FAA /* Coordinate.swift in Sources */,
				5CF88E162235B8A500572BD4 /* AppConstants.swift in Sources */,
			);
			runOnlyForDeploymentPostprocessing = 0;
		};
/* End PBXSourcesBuildPhase section */

/* Begin XCBuildConfiguration section */
		FB9CC9731AD701910038DF33 /* Debug */ = {
			isa = XCBuildConfiguration;
			buildSettings = {
				ALWAYS_SEARCH_USER_PATHS = NO;
				CLANG_CXX_LANGUAGE_STANDARD = "gnu++0x";
				CLANG_CXX_LIBRARY = "libc++";
				CLANG_ENABLE_MODULES = YES;
				CLANG_ENABLE_OBJC_ARC = YES;
				CLANG_WARN_BLOCK_CAPTURE_AUTORELEASING = YES;
				CLANG_WARN_BOOL_CONVERSION = YES;
				CLANG_WARN_COMMA = YES;
				CLANG_WARN_CONSTANT_CONVERSION = YES;
				CLANG_WARN_DEPRECATED_OBJC_IMPLEMENTATIONS = YES;
				CLANG_WARN_DIRECT_OBJC_ISA_USAGE = YES_ERROR;
				CLANG_WARN_EMPTY_BODY = YES;
				CLANG_WARN_ENUM_CONVERSION = YES;
				CLANG_WARN_INFINITE_RECURSION = YES;
				CLANG_WARN_INT_CONVERSION = YES;
				CLANG_WARN_NON_LITERAL_NULL_CONVERSION = YES;
				CLANG_WARN_OBJC_IMPLICIT_RETAIN_SELF = YES;
				CLANG_WARN_OBJC_LITERAL_CONVERSION = YES;
				CLANG_WARN_OBJC_ROOT_CLASS = YES_ERROR;
				CLANG_WARN_RANGE_LOOP_ANALYSIS = YES;
				CLANG_WARN_STRICT_PROTOTYPES = YES;
				CLANG_WARN_SUSPICIOUS_MOVE = YES;
				CLANG_WARN_UNREACHABLE_CODE = YES;
				CLANG_WARN__DUPLICATE_METHOD_MATCH = YES;
				"CODE_SIGN_IDENTITY[sdk=iphoneos*]" = "iPhone Developer";
				COPY_PHASE_STRIP = NO;
				ENABLE_STRICT_OBJC_MSGSEND = YES;
				ENABLE_TESTABILITY = YES;
				GCC_C_LANGUAGE_STANDARD = gnu99;
				GCC_DYNAMIC_NO_PIC = NO;
				GCC_NO_COMMON_BLOCKS = YES;
				GCC_OPTIMIZATION_LEVEL = 0;
				GCC_PREPROCESSOR_DEFINITIONS = (
					"DEBUG=1",
					"$(inherited)",
				);
				GCC_SYMBOLS_PRIVATE_EXTERN = NO;
				GCC_WARN_64_TO_32_BIT_CONVERSION = YES;
				GCC_WARN_ABOUT_RETURN_TYPE = YES_ERROR;
				GCC_WARN_UNDECLARED_SELECTOR = YES;
				GCC_WARN_UNINITIALIZED_AUTOS = YES_AGGRESSIVE;
				GCC_WARN_UNUSED_FUNCTION = YES;
				GCC_WARN_UNUSED_VARIABLE = YES;
				IPHONEOS_DEPLOYMENT_TARGET = 10.2;
				MTL_ENABLE_DEBUG_INFO = YES;
				ONLY_ACTIVE_ARCH = YES;
				SDKROOT = iphoneos;
				SWIFT_OPTIMIZATION_LEVEL = "-Onone";
			};
			name = Debug;
		};
		FB9CC9741AD701910038DF33 /* Release */ = {
			isa = XCBuildConfiguration;
			buildSettings = {
				ALWAYS_SEARCH_USER_PATHS = NO;
				CLANG_CXX_LANGUAGE_STANDARD = "gnu++0x";
				CLANG_CXX_LIBRARY = "libc++";
				CLANG_ENABLE_MODULES = YES;
				CLANG_ENABLE_OBJC_ARC = YES;
				CLANG_WARN_BLOCK_CAPTURE_AUTORELEASING = YES;
				CLANG_WARN_BOOL_CONVERSION = YES;
				CLANG_WARN_COMMA = YES;
				CLANG_WARN_CONSTANT_CONVERSION = YES;
				CLANG_WARN_DEPRECATED_OBJC_IMPLEMENTATIONS = YES;
				CLANG_WARN_DIRECT_OBJC_ISA_USAGE = YES_ERROR;
				CLANG_WARN_EMPTY_BODY = YES;
				CLANG_WARN_ENUM_CONVERSION = YES;
				CLANG_WARN_INFINITE_RECURSION = YES;
				CLANG_WARN_INT_CONVERSION = YES;
				CLANG_WARN_NON_LITERAL_NULL_CONVERSION = YES;
				CLANG_WARN_OBJC_IMPLICIT_RETAIN_SELF = YES;
				CLANG_WARN_OBJC_LITERAL_CONVERSION = YES;
				CLANG_WARN_OBJC_ROOT_CLASS = YES_ERROR;
				CLANG_WARN_RANGE_LOOP_ANALYSIS = YES;
				CLANG_WARN_STRICT_PROTOTYPES = YES;
				CLANG_WARN_SUSPICIOUS_MOVE = YES;
				CLANG_WARN_UNREACHABLE_CODE = YES;
				CLANG_WARN__DUPLICATE_METHOD_MATCH = YES;
				"CODE_SIGN_IDENTITY[sdk=iphoneos*]" = "iPhone Developer";
				COPY_PHASE_STRIP = NO;
				ENABLE_NS_ASSERTIONS = NO;
				ENABLE_STRICT_OBJC_MSGSEND = YES;
				GCC_C_LANGUAGE_STANDARD = gnu99;
				GCC_NO_COMMON_BLOCKS = YES;
				GCC_WARN_64_TO_32_BIT_CONVERSION = YES;
				GCC_WARN_ABOUT_RETURN_TYPE = YES_ERROR;
				GCC_WARN_UNDECLARED_SELECTOR = YES;
				GCC_WARN_UNINITIALIZED_AUTOS = YES_AGGRESSIVE;
				GCC_WARN_UNUSED_FUNCTION = YES;
				GCC_WARN_UNUSED_VARIABLE = YES;
				IPHONEOS_DEPLOYMENT_TARGET = 10.2;
				MTL_ENABLE_DEBUG_INFO = NO;
				SDKROOT = iphoneos;
				SWIFT_OPTIMIZATION_LEVEL = "-Owholemodule";
				VALIDATE_PRODUCT = YES;
			};
			name = Release;
		};
		FB9CC9761AD701910038DF33 /* Debug */ = {
			isa = XCBuildConfiguration;
			baseConfigurationReference = F910B8F5B77C365574ED8785 /* Pods-clickFinder.debug.xcconfig */;
			buildSettings = {
				ASSETCATALOG_COMPILER_APPICON_NAME = AppIcon;
				CODE_SIGN_ENTITLEMENTS = clickFinder.entitlements;
				CODE_SIGN_IDENTITY = "iPhone Developer";
				CODE_SIGN_STYLE = Automatic;
				DEVELOPMENT_TEAM = 365RTTM259;
				INFOPLIST_FILE = "$(SRCROOT)/ClickFinder/Info.plist";
				IPHONEOS_DEPLOYMENT_TARGET = 11.0;
				LD_RUNPATH_SEARCH_PATHS = "$(inherited) @executable_path/Frameworks";
				PRODUCT_BUNDLE_IDENTIFIER = ch.stouch.lac;
				PRODUCT_NAME = "$(TARGET_NAME)";
				PROVISIONING_PROFILE_SPECIFIER = "";
				SWIFT_SWIFT3_OBJC_INFERENCE = Default;
				SWIFT_VERSION = 4.2;
			};
			name = Debug;
		};
		FB9CC9771AD701910038DF33 /* Release */ = {
			isa = XCBuildConfiguration;
			baseConfigurationReference = D625BEF4EB907F42A93F4A2C /* Pods-clickFinder.release.xcconfig */;
			buildSettings = {
				ASSETCATALOG_COMPILER_APPICON_NAME = AppIcon;
				CODE_SIGN_ENTITLEMENTS = clickFinder.entitlements;
				CODE_SIGN_IDENTITY = "iPhone Developer";
				CODE_SIGN_STYLE = Automatic;
				DEVELOPMENT_TEAM = 365RTTM259;
				INFOPLIST_FILE = "$(SRCROOT)/ClickFinder/Info.plist";
				IPHONEOS_DEPLOYMENT_TARGET = 11.0;
				LD_RUNPATH_SEARCH_PATHS = "$(inherited) @executable_path/Frameworks";
				PRODUCT_BUNDLE_IDENTIFIER = ch.stouch.lac;
				PRODUCT_NAME = "$(TARGET_NAME)";
				PROVISIONING_PROFILE_SPECIFIER = "";
				SWIFT_SWIFT3_OBJC_INFERENCE = Default;
				SWIFT_VERSION = 4.2;
			};
			name = Release;
		};
/* End XCBuildConfiguration section */

/* Begin XCConfigurationList section */
		FB9CC9511AD701910038DF33 /* Build configuration list for PBXProject "clickFinder" */ = {
			isa = XCConfigurationList;
			buildConfigurations = (
				FB9CC9731AD701910038DF33 /* Debug */,
				FB9CC9741AD701910038DF33 /* Release */,
			);
			defaultConfigurationIsVisible = 0;
			defaultConfigurationName = Release;
		};
		FB9CC9751AD701910038DF33 /* Build configuration list for PBXNativeTarget "clickFinder" */ = {
			isa = XCConfigurationList;
			buildConfigurations = (
				FB9CC9761AD701910038DF33 /* Debug */,
				FB9CC9771AD701910038DF33 /* Release */,
			);
			defaultConfigurationIsVisible = 0;
			defaultConfigurationName = Release;
		};
/* End XCConfigurationList section */

/* Begin XCVersionGroup section */
		5CC3FA4E223E9AF5001ACF74 /* clickFinder.xcdatamodeld */ = {
			isa = XCVersionGroup;
			children = (
				5CC3FA4F223E9AF5001ACF74 /* clickFinder.xcdatamodel */,
			);
			currentVersion = 5CC3FA4F223E9AF5001ACF74 /* clickFinder.xcdatamodel */;
			path = clickFinder.xcdatamodeld;
			sourceTree = "<group>";
			versionGroupType = wrapper.xcdatamodel;
		};
/* End XCVersionGroup section */
	};
	rootObject = FB9CC94E1AD701910038DF33 /* Project object */;
}
